
Microsoft Visual Studio Solution File, Format Version 12.00
# Visual Studio Version 16
VisualStudioVersion = 16.0.808.7
MinimumVisualStudioVersion = 10.0.40219.1
Project("{FAE04EC0-301F-11D3-BF4B-00C04F79EFBC}") = "PelotonDadsChallenge", "PelotonDadsChallenge\PelotonDadsChallenge.csproj", "{6B79602E-D9E6-4F57-AB0B-E4E4E90BD592}"
EndProject
Global
	GlobalSection(SolutionConfigurationPlatforms) = preSolution
		Debug|Any CPU = Debug|Any CPU
		Release|Any CPU = Release|Any CPU
	EndGlobalSection
	GlobalSection(ProjectConfigurationPlatforms) = postSolution
		{6B79602E-D9E6-4F57-AB0B-E4E4E90BD592}.Debug|Any CPU.ActiveCfg = Debug|Any CPU
		{6B79602E-D9E6-4F57-AB0B-E4E4E90BD592}.Debug|Any CPU.Build.0 = Debug|Any CPU
		{6B79602E-D9E6-4F57-AB0B-E4E4E90BD592}.Release|Any CPU.ActiveCfg = Release|Any CPU
		{6B79602E-D9E6-4F57-AB0B-E4E4E90BD592}.Release|Any CPU.Build.0 = Release|Any CPU
	EndGlobalSection
	GlobalSection(SolutionProperties) = preSolution
		HideSolutionNode = FALSE
	EndGlobalSection
	GlobalSection(ExtensibilityGlobals) = postSolution
		SolutionGuid = {C3F86207-7FB7-4D10-989B-3D87968FA81F}
	EndGlobalSection
EndGlobal
